Microsoft Visual Studio Solution File, Format Version 12.00
# Visual Studio 2012
Project("{FAE04EC0-301F-11D3-BF4B-00C04F79EFBC}") = "Boids", "Boids.csproj", "{30C0B7DA-A1E8-4906-B70E-3CC77B925A46}"
EndProject
Global
	GlobalSection(SolutionConfigurationPlatforms) = preSolution
	Debug|Any CPU = Debug|Any CPU
	ExportDebug|Any CPU = ExportDebug|Any CPU
	ExportRelease|Any CPU = ExportRelease|Any CPU
	EndGlobalSection
	GlobalSection(ProjectConfigurationPlatforms) = postSolution
		{30C0B7DA-A1E8-4906-B70E-3CC77B925A46}.Debug|Any CPU.ActiveCfg = Debug|Any CPU
		{30C0B7DA-A1E8-4906-B70E-3CC77B925A46}.Debug|Any CPU.Build.0 = Debug|Any CPU
		{30C0B7DA-A1E8-4906-B70E-3CC77B925A46}.ExportDebug|Any CPU.ActiveCfg = ExportDebug|Any CPU
		{30C0B7DA-A1E8-4906-B70E-3CC77B925A46}.ExportDebug|Any CPU.Build.0 = ExportDebug|Any CPU
		{30C0B7DA-A1E8-4906-B70E-3CC77B925A46}.ExportRelease|Any CPU.ActiveCfg = ExportRelease|Any CPU
		{30C0B7DA-A1E8-4906-B70E-3CC77B925A46}.ExportRelease|Any CPU.Build.0 = ExportRelease|Any CPU
	EndGlobalSection
EndGlobal
